
Microsoft Visual Studio Solution File, Format Version 12.00
# Visual Studio Version 16
VisualStudioVersion = 16.0.29709.97
MinimumVisualStudioVersion = 10.0.40219.1
Project("{FAE04EC0-301F-11D3-BF4B-00C04F79EFBC}") = "AzAppService", "AzAppService\AzAppService.csproj", "{83A2926F-90AB-4980-8F5C-C593BBA4430B}"
EndProject
Project("{FAE04EC0-301F-11D3-BF4B-00C04F79EFBC}") = "AzWebJob", "AzWebJob\AzWebJob.csproj", "{9437BAE1-A8F1-4338-880B-716503EB9209}"
EndProject
Global
	GlobalSection(SolutionConfigurationPlatforms) = preSolution
		Debug|Any CPU = Debug|Any CPU
		Release|Any CPU = Release|Any CPU
	EndGlobalSection
	GlobalSection(ProjectConfigurationPlatforms) = postSolution
		{83A2926F-90AB-4980-8F5C-C593BBA4430B}.Debug|Any CPU.ActiveCfg = Debug|Any CPU
		{83A2926F-90AB-4980-8F5C-C593BBA4430B}.Debug|Any CPU.Build.0 = Debug|Any CPU
		{83A2926F-90AB-4980-8F5C-C593BBA4430B}.Release|Any CPU.ActiveCfg = Release|Any CPU
		{83A2926F-90AB-4980-8F5C-C593BBA4430B}.Release|Any CPU.Build.0 = Release|Any CPU
		{9437BAE1-A8F1-4338-880B-716503EB9209}.Debug|Any CPU.ActiveCfg = Debug|Any CPU
		{9437BAE1-A8F1-4338-880B-716503EB9209}.Debug|Any CPU.Build.0 = Debug|Any CPU
		{9437BAE1-A8F1-4338-880B-716503EB9209}.Release|Any CPU.ActiveCfg = Release|Any CPU
		{9437BAE1-A8F1-4338-880B-716503EB9209}.Release|Any CPU.Build.0 = Release|Any CPU
	EndGlobalSection
	GlobalSection(SolutionProperties) = preSolution
		HideSolutionNode = FALSE
	EndGlobalSection
	GlobalSection(ExtensibilityGlobals) = postSolution
		SolutionGuid = {4DA7261B-1D4B-41F7-B5B0-7301C82C64F2}
	EndGlobalSection
EndGlobal
